// !$*UTF8*$!
{
	archiveVersion = 1;
	classes = {
	};
	objectVersion = 50;
	objects = {

/* Begin PBXBuildFile section */
		25F1B1752203592900E29F6D /* AppDelegate.swift in Sources */ = {isa = PBXBuildFile; fileRef = 25F1B1742203592900E29F6D /* AppDelegate.swift */; };
		25F1B1772203592900E29F6D /* ViewController.swift in Sources */ = {isa = PBXBuildFile; fileRef = 25F1B1762203592900E29F6D /* ViewController.swift */; };
		25F1B17A2203592900E29F6D /* Main.storyboard in Resources */ = {isa = PBXBuildFile; fileRef = 25F1B1782203592900E29F6D /* Main.storyboard */; };
		25F1B17C2203593D00E29F6D /* Assets.xcassets in Resources */ = {isa = PBXBuildFile; fileRef = 25F1B17B2203593D00E29F6D /* Assets.xcassets */; };
		25F1B17F2203593D00E29F6D /* LaunchScreen.storyboard in Resources */ = {isa = PBXBuildFile; fileRef = 25F1B17D2203593D00E29F6D /* LaunchScreen.storyboard */; };
		25F1B1882204D3E000E29F6D /* BaseView.swift in Sources */ = {isa = PBXBuildFile; fileRef = 25F1B1872204D3E000E29F6D /* BaseView.swift */; };
		25F1B18C2204D5CA00E29F6D /* DetailsFoodView.swift in Sources */ = {isa = PBXBuildFile; fileRef = 25F1B18B2204D5CA00E29F6D /* DetailsFoodView.swift */; };
		25F1B18E2204D7B000E29F6D /* DetailsFoodViewController.swift in Sources */ = {isa = PBXBuildFile; fileRef = 25F1B18D2204D7B000E29F6D /* DetailsFoodViewController.swift */; };
		25F1B1912204DC8700E29F6D /* ReataurantTableViewController.swift in Sources */ = {isa = PBXBuildFile; fileRef = 25F1B1902204DC8700E29F6D /* ReataurantTableViewController.swift */; };
		25F1B1932204DCE300E29F6D /* RestaurantTableViewCell.swift in Sources */ = {isa = PBXBuildFile; fileRef = 25F1B1922204DCE300E29F6D /* RestaurantTableViewCell.swift */; };
/* End PBXBuildFile section */

/* Begin PBXFileReference section */
		25F1B1712203592900E29F6D /* RestuarantApp.app */ = {isa = PBXFileReference; explicitFileType = wrapper.application; includeInIndex = 0; path = RestuarantApp.app; sourceTree = BUILT_PRODUCTS_DIR; };
		25F1B1742203592900E29F6D /* AppDelegate.swift */ = {isa = PBXFileReference; lastKnownFileType = sourcecode.swift; path = AppDelegate.swift; sourceTree = "<group>"; };
		25F1B1762203592900E29F6D /* ViewController.swift */ = {isa = PBXFileReference; lastKnownFileType = sourcecode.swift; path = ViewController.swift; sourceTree = "<group>"; };
		25F1B1792203592900E29F6D /* Base */ = {isa = PBXFileReference; lastKnownFileType = file.storyboard; name = Base; path = Base.lproj/Main.storyboard; sourceTree = "<group>"; };
		25F1B17B2203593D00E29F6D /* Assets.xcassets */ = {isa = PBXFileReference; lastKnownFileType = folder.assetcatalog; path = Assets.xcassets; sourceTree = "<group>"; };
		25F1B17E2203593D00E29F6D /* Base */ = {isa = PBXFileReference; lastKnownFileType = file.storyboard; name = Base; path = Base.lproj/LaunchScreen.storyboard; sourceTree = "<group>"; };
		25F1B1802203593D00E29F6D /* Info.plist */ = {isa = PBXFileReference; lastKnownFileType = text.plist.xml; path = Info.plist; sourceTree = "<group>"; };
		25F1B1872204D3E000E29F6D /* BaseView.swift */ = {isa = PBXFileReference; lastKnownFileType = sourcecode.swift; path = BaseView.swift; sourceTree = "<group>"; };
		25F1B18B2204D5CA00E29F6D /* DetailsFoodView.swift */ = {isa = PBXFileReference; lastKnownFileType = sourcecode.swift; path = DetailsFoodView.swift; sourceTree = "<group>"; };
		25F1B18D2204D7B000E29F6D /* DetailsFoodViewController.swift */ = {isa = PBXFileReference; lastKnownFileType = sourcecode.swift; path = DetailsFoodViewController.swift; sourceTree = "<group>"; };
		25F1B1902204DC8700E29F6D /* ReataurantTableViewController.swift */ = {isa = PBXFileReference; lastKnownFileType = sourcecode.swift; path = ReataurantTableViewController.swift; sourceTree = "<group>"; };
		25F1B1922204DCE300E29F6D /* RestaurantTableViewCell.swift */ = {isa = PBXFileReference; lastKnownFileType = sourcecode.swift; path = RestaurantTableViewCell.swift; sourceTree = "<group>"; };
/* End PBXFileReference section */

/* Begin PBXFrameworksBuildPhase section */
		25F1B16E2203592900E29F6D /* Frameworks */ = {
			isa = PBXFrameworksBuildPhase;
			buildActionMask = 2147483647;
			files = (
			);
			runOnlyForDeploymentPostprocessing = 0;
		};
/* End PBXFrameworksBuildPhase section */

/* Begin PBXGroup section */
		25F1B1682203592900E29F6D = {
			isa = PBXGroup;
			children = (
				25F1B1732203592900E29F6D /* RestuarantApp */,
				25F1B1722203592900E29F6D /* Products */,
			);
			sourceTree = "<group>";
		};
		25F1B1722203592900E29F6D /* Products */ = {
			isa = PBXGroup;
			children = (
				25F1B1712203592900E29F6D /* RestuarantApp.app */,
			);
			name = Products;
			sourceTree = "<group>";
		};
		25F1B1732203592900E29F6D /* RestuarantApp */ = {
			isa = PBXGroup;
			children = (
				25F1B1862204D3C400E29F6D /* Screens */,
				25F1B1742203592900E29F6D /* AppDelegate.swift */,
				25F1B1762203592900E29F6D /* ViewController.swift */,
				25F1B1782203592900E29F6D /* Main.storyboard */,
				25F1B17B2203593D00E29F6D /* Assets.xcassets */,
				25F1B17D2203593D00E29F6D /* LaunchScreen.storyboard */,
				25F1B1802203593D00E29F6D /* Info.plist */,
			);
			path = RestuarantApp;
			sourceTree = "<group>";
		};
		25F1B1862204D3C400E29F6D /* Screens */ = {
			isa = PBXGroup;
			children = (
				25F1B18F2204DC4500E29F6D /* List */,
				25F1B1892204D58400E29F6D /* Details */,
				25F1B1872204D3E000E29F6D /* BaseView.swift */,
			);
			path = Screens;
			sourceTree = "<group>";
		};
		25F1B1892204D58400E29F6D /* Details */ = {
			isa = PBXGroup;
			children = (
				25F1B18A2204D5A100E29F6D /* Views */,
				25F1B18D2204D7B000E29F6D /* DetailsFoodViewController.swift */,
			);
			path = Details;
			sourceTree = "<group>";
		};
		25F1B18A2204D5A100E29F6D /* Views */ = {
			isa = PBXGroup;
			children = (
				25F1B18B2204D5CA00E29F6D /* DetailsFoodView.swift */,
				25F1B1922204DCE300E29F6D /* RestaurantTableViewCell.swift */,
			);
			path = Views;
			sourceTree = "<group>";
		};
		25F1B18F2204DC4500E29F6D /* List */ = {
			isa = PBXGroup;
			children = (
				25F1B1902204DC8700E29F6D /* ReataurantTableViewController.swift */,
			);
			path = List;
			sourceTree = "<group>";
		};
/* End PBXGroup section */

/* Begin PBXNativeTarget section */
		25F1B1702203592900E29F6D /* RestuarantApp */ = {
			isa = PBXNativeTarget;
			buildConfigurationList = 25F1B1832203593D00E29F6D /* Build configuration list for PBXNativeTarget "RestuarantApp" */;
			buildPhases = (
				25F1B16D2203592900E29F6D /* Sources */,
				25F1B16E2203592900E29F6D /* Frameworks */,
				25F1B16F2203592900E29F6D /* Resources */,
			);
			buildRules = (
			);
			dependencies = (
			);
			name = RestuarantApp;
			productName = RestuarantApp;
			productReference = 25F1B1712203592900E29F6D /* RestuarantApp.app */;
			productType = "com.apple.product-type.application";
		};
/* End PBXNativeTarget section */

/* Begin PBXProject section */
		25F1B1692203592900E29F6D /* Project object */ = {
			isa = PBXProject;
			attributes = {
				LastSwiftUpdateCheck = 1010;
				LastUpgradeCheck = 1010;
				ORGANIZATIONNAME = Myke;
				TargetAttributes = {
					25F1B1702203592900E29F6D = {
						CreatedOnToolsVersion = 10.1;
					};
				};
			};
			buildConfigurationList = 25F1B16C2203592900E29F6D /* Build configuration list for PBXProject "RestuarantApp" */;
			compatibilityVersion = "Xcode 9.3";
			developmentRegion = en;
			hasScannedForEncodings = 0;
			knownRegions = (
				en,
				Base,
			);
			mainGroup = 25F1B1682203592900E29F6D;
			productRefGroup = 25F1B1722203592900E29F6D /* Products */;
			projectDirPath = "";
			projectRoot = "";
			targets = (
				25F1B1702203592900E29F6D /* RestuarantApp */,
			);
		};
/* End PBXProject section */

/* Begin PBXResourcesBuildPhase section */
		25F1B16F2203592900E29F6D /* Resources */ = {
			isa = PBXResourcesBuildPhase;
			buildActionMask = 2147483647;
			files = (
				25F1B17F2203593D00E29F6D /* LaunchScreen.storyboard in Resources */,
				25F1B17C2203593D00E29F6D /* Assets.xcassets in Resources */,
				25F1B17A2203592900E29F6D /* Main.storyboard in Resources */,
			);
			runOnlyForDeploymentPostprocessing = 0;
		};
/* End PBXResourcesBuildPhase section */

/* Begin PBXSourcesBuildPhase section */
		25F1B16D2203592900E29F6D /* Sources */ = {
			isa = PBXSourcesBuildPhase;
			buildActionMask = 2147483647;
			files = (
				25F1B1882204D3E000E29F6D /* BaseView.swift in Sources */,
				25F1B18C2204D5CA00E29F6D /* DetailsFoodView.swift in Sources */,
				25F1B1912204DC8700E29F6D /* ReataurantTableViewController.swift in Sources */,
				25F1B18E2204D7B000E29F6D /* DetailsFoodViewController.swift in Sources */,
				25F1B1772203592900E29F6D /* ViewController.swift in Sources */,
				25F1B1932204DCE300E29F6D /* RestaurantTableViewCell.swift in Sources */,
				25F1B1752203592900E29F6D /* AppDelegate.swift in Sources */,
			);
			runOnlyForDeploymentPostprocessing = 0;
		};
/* End PBXSourcesBuildPhase section */

/* Begin PBXVariantGroup section */
		25F1B1782203592900E29F6D /* Main.storyboard */ = {
			isa = PBXVariantGroup;
			children = (
				25F1B1792203592900E29F6D /* Base */,
			);
			name = Main.storyboard;
			sourceTree = "<group>";
		};
		25F1B17D2203593D00E29F6D /* LaunchScreen.storyboard */ = {
			isa = PBXVariantGroup;
			children = (
				25F1B17E2203593D00E29F6D /* Base */,
			);
			name = LaunchScreen.storyboard;
			sourceTree = "<group>";
		};
/* End PBXVariantGroup section */

/* Begin XCBuildConfiguration section */
		25F1B1812203593D00E29F6D /* Debug */ = {
			isa = XCBuildConfiguration;
			buildSettings = {
				ALWAYS_SEARCH_USER_PATHS = NO;
				CLANG_ANALYZER_NONNULL = YES;
				CLANG_ANALYZER_NUMBER_OBJECT_CONVERSION = YES_AGGRESSIVE;
				CLANG_CXX_LANGUAGE_STANDARD = "gnu++14";
				CLANG_CXX_LIBRARY = "libc++";
				CLANG_ENABLE_MODULES = YES;
				CLANG_ENABLE_OBJC_ARC = YES;
				CLANG_ENABLE_OBJC_WEAK = YES;
				CLANG_WARN_BLOCK_CAPTURE_AUTORELEASING = YES;
				CLANG_WARN_BOOL_CONVERSION = YES;
				CLANG_WARN_COMMA = YES;
				CLANG_WARN_CONSTANT_CONVERSION = YES;
				CLANG_WARN_DEPRECATED_OBJC_IMPLEMENTATIONS = YES;
				CLANG_WARN_DIRECT_OBJC_ISA_USAGE = YES_ERROR;
				CLANG_WARN_DOCUMENTATION_COMMENTS = YES;
				CLANG_WARN_EMPTY_BODY = YES;
				CLANG_WARN_ENUM_CONVERSION = YES;
				CLANG_WARN_INFINITE_RECURSION = YES;
				CLANG_WARN_INT_CONVERSION = YES;
				CLANG_WARN_NON_LITERAL_NULL_CONVERSION = YES;
				CLANG_WARN_OBJC_IMPLICIT_RETAIN_SELF = YES;
				CLANG_WARN_OBJC_LITERAL_CONVERSION = YES;
				CLANG_WARN_OBJC_ROOT_CLASS = YES_ERROR;
				CLANG_WARN_RANGE_LOOP_ANALYSIS = YES;
				CLANG_WARN_STRICT_PROTOTYPES = YES;
				CLANG_WARN_SUSPICIOUS_MOVE = YES;
				CLANG_WARN_UNGUARDED_AVAILABILITY = YES_AGGRESSIVE;
				CLANG_WARN_UNREACHABLE_CODE = YES;
				CLANG_WARN__DUPLICATE_METHOD_MATCH = YES;
				CODE_SIGN_IDENTITY = "iPhone Developer";
				COPY_PHASE_STRIP = NO;
				DEBUG_INFORMATION_FORMAT = dwarf;
				ENABLE_STRICT_OBJC_MSGSEND = YES;
				ENABLE_TESTABILITY = YES;
				GCC_C_LANGUAGE_STANDARD = gnu11;
				GCC_DYNAMIC_NO_PIC = NO;
				GCC_NO_COMMON_BLOCKS = YES;
				GCC_OPTIMIZATION_LEVEL = 0;
				GCC_PREPROCESSOR_DEFINITIONS = (
					"DEBUG=1",
					"$(inherited)",
				);
				GCC_WARN_64_TO_32_BIT_CONVERSION = YES;
				GCC_WARN_ABOUT_RETURN_TYPE = YES_ERROR;
				GCC_WARN_UNDECLARED_SELECTOR = YES;
				GCC_WARN_UNINITIALIZED_AUTOS = YES_AGGRESSIVE;
				GCC_WARN_UNUSED_FUNCTION = YES;
				GCC_WARN_UNUSED_VARIABLE = YES;
				IPHONEOS_DEPLOYMENT_TARGET = 12.1;
				MTL_ENABLE_DEBUG_INFO = INCLUDE_SOURCE;
				MTL_FAST_MATH = YES;
				ONLY_ACTIVE_ARCH = YES;
				SDKROOT = iphoneos;
				SWIFT_ACTIVE_COMPILATION_CONDITIONS = DEBUG;
				SWIFT_OPTIMIZATION_LEVEL = "-Onone";
			};
			name = Debug;
		};
		25F1B1822203593D00E29F6D /* Release */ = {
			isa = XCBuildConfiguration;
			buildSettings = {
				ALWAYS_SEARCH_USER_PATHS = NO;
				CLANG_ANALYZER_NONNULL = YES;
				CLANG_ANALYZER_NUMBER_OBJECT_CONVERSION = YES_AGGRESSIVE;
				CLANG_CXX_LANGUAGE_STANDARD = "gnu++14";
				CLANG_CXX_LIBRARY = "libc++";
				CLANG_ENABLE_MODULES = YES;
				CLANG_ENABLE_OBJC_ARC = YES;
				CLANG_ENABLE_OBJC_WEAK = YES;
				CLANG_WARN_BLOCK_CAPTURE_AUTORELEASING = YES;
				CLANG_WARN_BOOL_CONVERSION = YES;
				CLANG_WARN_COMMA = YES;
				CLANG_WARN_CONSTANT_CONVERSION = YES;
				CLANG_WARN_DEPRECATED_OBJC_IMPLEMENTATIONS = YES;
				CLANG_WARN_DIRECT_OBJC_ISA_USAGE = YES_ERROR;
				CLANG_WARN_DOCUMENTATION_COMMENTS = YES;
				CLANG_WARN_EMPTY_BODY = YES;
				CLANG_WARN_ENUM_CONVERSION = YES;
				CLANG_WARN_INFINITE_RECURSION = YES;
				CLANG_WARN_INT_CONVERSION = YES;
				CLANG_WARN_NON_LITERAL_NULL_CONVERSION = YES;
				CLANG_WARN_OBJC_IMPLICIT_RETAIN_SELF = YES;
				CLANG_WARN_OBJC_LITERAL_CONVERSION = YES;
				CLANG_WARN_OBJC_ROOT_CLASS = YES_ERROR;
				CLANG_WARN_RANGE_LOOP_ANALYSIS = YES;
				CLANG_WARN_STRICT_PROTOTYPES = YES;
				CLANG_WARN_SUSPICIOUS_MOVE = YES;
				CLANG_WARN_UNGUARDED_AVAILABILITY = YES_AGGRESSIVE;
				CLANG_WARN_UNREACHABLE_CODE = YES;
				CLANG_WARN__DUPLICATE_METHOD_MATCH = YES;
				CODE_SIGN_IDENTITY = "iPhone Developer";
				COPY_PHASE_STRIP = NO;
				DEBUG_INFORMATION_FORMAT = "dwarf-with-dsym";
				ENABLE_NS_ASSERTIONS = NO;
				ENABLE_STRICT_OBJC_MSGSEND = YES;
				GCC_C_LANGUAGE_STANDARD = gnu11;
				GCC_NO_COMMON_BLOCKS = YES;
				GCC_WARN_64_TO_32_BIT_CONVERSION = YES;
				GCC_WARN_ABOUT_RETURN_TYPE = YES_ERROR;
				GCC_WARN_UNDECLARED_SELECTOR = YES;
				GCC_WARN_UNINITIALIZED_AUTOS = YES_AGGRESSIVE;
				GCC_WARN_UNUSED_FUNCTION = YES;
				GCC_WARN_UNUSED_VARIABLE = YES;
				IPHONEOS_DEPLOYMENT_TARGET = 12.1;
				MTL_ENABLE_DEBUG_INFO = NO;
				MTL_FAST_MATH = YES;
				SDKROOT = iphoneos;
				SWIFT_COMPILATION_MODE = wholemodule;
				SWIFT_OPTIMIZATION_LEVEL = "-O";
				VALIDATE_PRODUCT = YES;
			};
			name = Release;
		};
		25F1B1842203593D00E29F6D /* Debug */ = {
			isa = XCBuildConfiguration;
			buildSettings = {
				ASSETCATALOG_COMPILER_APPICON_NAME = AppIcon;
				CODE_SIGN_STYLE = Automatic;
				DEVELOPMENT_TEAM = 7A546TGD46;
				INFOPLIST_FILE = RestuarantApp/Info.plist;
				LD_RUNPATH_SEARCH_PATHS = (
					"$(inherited)",
					"@executable_path/Frameworks",
				);
				PRODUCT_BUNDLE_IDENTIFIER = co.uk.thefraternity.RestuarantApp;
				PRODUCT_NAME = "$(TARGET_NAME)";
				SWIFT_VERSION = 4.2;
				TARGETED_DEVICE_FAMILY = "1,2";
			};
			name = Debug;
		};
		25F1B1852203593D00E29F6D /* Release */ = {
			isa = XCBuildConfiguration;
			buildSettings = {
				ASSETCATALOG_COMPILER_APPICON_NAME = AppIcon;
				CODE_SIGN_STYLE = Automatic;
				DEVELOPMENT_TEAM = 7A546TGD46;
				INFOPLIST_FILE = RestuarantApp/Info.plist;
				LD_RUNPATH_SEARCH_PATHS = (
					"$(inherited)",
					"@executable_path/Frameworks",
				);
				PRODUCT_BUNDLE_IDENTIFIER = co.uk.thefraternity.RestuarantApp;
				PRODUCT_NAME = "$(TARGET_NAME)";
				SWIFT_VERSION = 4.2;
				TARGETED_DEVICE_FAMILY = "1,2";
			};
			name = Release;
		};
/* End XCBuildConfiguration section */

/* Begin XCConfigurationList section */
		25F1B16C2203592900E29F6D /* Build configuration list for PBXProject "RestuarantApp" */ = {
			isa = XCConfigurationList;
			buildConfigurations = (
				25F1B1812203593D00E29F6D /* Debug */,
				25F1B1822203593D00E29F6D /* Release */,
			);
			defaultConfigurationIsVisible = 0;
			defaultConfigurationName = Release;
		};
		25F1B1832203593D00E29F6D /* Build configuration list for PBXNativeTarget "RestuarantApp" */ = {
			isa = XCConfigurationList;
			buildConfigurations = (
				25F1B1842203593D00E29F6D /* Debug */,
				25F1B1852203593D00E29F6D /* Release */,
			);
			defaultConfigurationIsVisible = 0;
			defaultConfigurationName = Release;
		};
/* End XCConfigurationList section */
	};
	rootObject = 25F1B1692203592900E29F6D /* Project object */;
}
